
Microsoft Visual Studio Solution File, Format Version 12.00
# Visual Studio Version 17
VisualStudioVersion = 17.13.35931.197 d17.13
MinimumVisualStudioVersion = 10.0.40219.1
Project("{FAE04EC0-301F-11D3-BF4B-00C04F79EFBC}") = "Dictionary", "Dictionary.csproj", "{6E2E1230-259D-4D38-91E1-0935E7FE70DA}"
EndProject
Global
	GlobalSection(SolutionConfigurationPlatforms) = preSolution
		Debug|Any CPU = Debug|Any CPU
		Release|Any CPU = Release|Any CPU
	EndGlobalSection
	GlobalSection(ProjectConfigurationPlatforms) = postSolution
		{6E2E1230-259D-4D38-91E1-0935E7FE70DA}.Debug|Any CPU.ActiveCfg = Debug|Any CPU
		{6E2E1230-259D-4D38-91E1-0935E7FE70DA}.Debug|Any CPU.Build.0 = Debug|Any CPU
		{6E2E1230-259D-4D38-91E1-0935E7FE70DA}.Release|Any CPU.ActiveCfg = Release|Any CPU
		{6E2E1230-259D-4D38-91E1-0935E7FE70DA}.Release|Any CPU.Build.0 = Release|Any CPU
	EndGlobalSection
	GlobalSection(SolutionProperties) = preSolution
		HideSolutionNode = FALSE
	EndGlobalSection
	GlobalSection(ExtensibilityGlobals) = postSolution
		SolutionGuid = {5CE5C3E0-A2C5-459E-9401-CEC1D1045E0A}
	EndGlobalSection
EndGlobal
