
Microsoft Visual Studio Solution File, Format Version 12.00
# Visual Studio Version 17
VisualStudioVersion = 17.13.35913.81 d17.13
MinimumVisualStudioVersion = 10.0.40219.1
Project("{FAE04EC0-301F-11D3-BF4B-00C04F79EFBC}") = "MemoryCacheKey", "MemoryCacheKey\MemoryCacheKey.csproj", "{8F4FE5F0-991D-4556-8FDD-44598D1CD4B2}"
EndProject
Global
	GlobalSection(SolutionConfigurationPlatforms) = preSolution
		Debug|Any CPU = Debug|Any CPU
		Release|Any CPU = Release|Any CPU
	EndGlobalSection
	GlobalSection(ProjectConfigurationPlatforms) = postSolution
		{8F4FE5F0-991D-4556-8FDD-44598D1CD4B2}.Debug|Any CPU.ActiveCfg = Debug|Any CPU
		{8F4FE5F0-991D-4556-8FDD-44598D1CD4B2}.Debug|Any CPU.Build.0 = Debug|Any CPU
		{8F4FE5F0-991D-4556-8FDD-44598D1CD4B2}.Release|Any CPU.ActiveCfg = Release|Any CPU
		{8F4FE5F0-991D-4556-8FDD-44598D1CD4B2}.Release|Any CPU.Build.0 = Release|Any CPU
	EndGlobalSection
	GlobalSection(SolutionProperties) = preSolution
		HideSolutionNode = FALSE
	EndGlobalSection
	GlobalSection(ExtensibilityGlobals) = postSolution
		SolutionGuid = {C289AC12-6B62-4797-AA85-1FDBCE231F95}
	EndGlobalSection
EndGlobal
